
Microsoft Visual Studio Solution File, Format Version 12.00
# Visual Studio Version 17
VisualStudioVersion = 17.14.36414.22
MinimumVisualStudioVersion = 10.0.40219.1
Project("{FAE04EC0-301F-11D3-BF4B-00C04F79EFBC}") = "Buoi2_Bai2.3", "Buoi2_Bai2.3\Buoi2_Bai2.3.csproj", "{0C27624D-08DC-415E-9E37-7361B0871123}"
EndProject
Project("{FAE04EC0-301F-11D3-BF4B-00C04F79EFBC}") = "Buoi2_Bai2.4", "Buoi2_Bai2.4\Buoi2_Bai2.4.csproj", "{BB0E41E5-49CC-4696-ABA4-EC6081ADE89D}"
EndProject
Project("{FAE04EC0-301F-11D3-BF4B-00C04F79EFBC}") = "Buoi2_Bai2.1", "Buoi2_Bai2.1\Buoi2_Bai2.1.csproj", "{4D390617-6FE4-4251-B778-BBD2E319B987}"
EndProject
Project("{FAE04EC0-301F-11D3-BF4B-00C04F79EFBC}") = "Buoi2_Bai2.5", "Buoi2_Bai2.5\Buoi2_Bai2.5.csproj", "{0E1FB905-5A57-43F4-8F75-6D8DC3F9EB60}"
EndProject
Project("{FAE04EC0-301F-11D3-BF4B-00C04F79EFBC}") = "Buoi2_Bai2.6", "Buoi2_Bai2.6\Buoi2_Bai2.6.csproj", "{8C7C3CC0-3E11-48AE-971B-8421F610C253}"
EndProject
Project("{FAE04EC0-301F-11D3-BF4B-00C04F79EFBC}") = "Buoi2_Bai2.7", "Buoi2_Bai2.7\Buoi2_Bai2.7.csproj", "{160E567B-A5D4-4DB0-9B53-74DAE8A6B2C7}"
EndProject
Project("{FAE04EC0-301F-11D3-BF4B-00C04F79EFBC}") = "Buoi2_Bai2.2", "Buoi2_Bai2.2\Buoi2_Bai2.2.csproj", "{462F4BDE-D96A-44FD-9559-C18853E3F313}"
EndProject
Project("{FAE04EC0-301F-11D3-BF4B-00C04F79EFBC}") = "Buoi2_Bai2.8", "..\..\..\DTH235675_NTK\BuoiTH2\Bai2.8\Buoi2_Bai2.8.csproj", "{D848C668-C810-43B2-997D-4E6E8971B779}"
EndProject
Project("{FAE04EC0-301F-11D3-BF4B-00C04F79EFBC}") = "Buoi2_Bai2.9", "..\..\..\DTH235675_NTK\BuoiTH2\Bai2.9\Buoi2_Bai2.9.csproj", "{41CF1356-0FD8-4295-B890-D874C0BF6402}"
EndProject
Project("{FAE04EC0-301F-11D3-BF4B-00C04F79EFBC}") = "Buoi2_Bai2.10", "..\..\..\DTH235675_NTK\BuoiTH2\Bai2.10\Buoi2_Bai2.10.csproj", "{09CD96F7-1D7F-42F7-AD50-33944350949D}"
EndProject
Project("{FAE04EC0-301F-11D3-BF4B-00C04F79EFBC}") = "Buoi2_Bai3.1", "..\..\..\DTH235675_NTK\BuoiTH2\Bai3.1\Buoi2_Bai3.1.csproj", "{5572B0EE-D0A5-4015-82C9-EF68EA7128DE}"
EndProject
Project("{FAE04EC0-301F-11D3-BF4B-00C04F79EFBC}") = "Buoi2_Bai3.2", "..\..\..\DTH235675_NTK\BuoiTH2\Bai3.2\Buoi2_Bai3.2.csproj", "{D4FB30D8-87F1-4FDE-80A7-55576F69BC51}"
EndProject
Project("{FAE04EC0-301F-11D3-BF4B-00C04F79EFBC}") = "Buoi2_Bai3.3", "..\..\..\DTH235675_NTK\BuoiTH2\Bai3.3\Buoi2_Bai3.3.csproj", "{0476F8C6-C1F2-4EB3-8D8F-B43C8919C33C}"
EndProject
Project("{FAE04EC0-301F-11D3-BF4B-00C04F79EFBC}") = "Buoi2_Bai3.4", "..\..\..\DTH235675_NTK\BuoiTH2\Bai3.4\Buoi2_Bai3.4.csproj", "{18234983-FBBF-4BE2-8FAE-55A141DBBA11}"
EndProject
Project("{FAE04EC0-301F-11D3-BF4B-00C04F79EFBC}") = "Buoi2_Bai4.1", "..\..\..\DTH235675_NTK\BuoiTH2\Bai4.1\Buoi2_Bai4.1.csproj", "{BF55DC4C-CC30-41B0-B58C-07F0FAF48335}"
EndProject
Project("{FAE04EC0-301F-11D3-BF4B-00C04F79EFBC}") = "Buoi2_Bai4.2", "..\..\..\DTH235675_NTK\BuoiTH2\Bai4.2\Buoi2_Bai4.2.csproj", "{29364DD7-ACF5-4777-A425-1740EA346FA1}"
EndProject
Project("{FAE04EC0-301F-11D3-BF4B-00C04F79EFBC}") = "Buoi2_Bai4.3", "..\..\..\DTH235675_NTK\BuoiTH2\Bai4.3\Buoi2_Bai4.3.csproj", "{9FE2EC4E-3BE6-42BB-9EE7-514C14A385DD}"
EndProject
Project("{FAE04EC0-301F-11D3-BF4B-00C04F79EFBC}") = "Buoi2_Bai4.4", "..\..\..\DTH235675_NTK\BuoiTH2\Bai4.4\Buoi2_Bai4.4.csproj", "{E4814ECB-8F4E-44A6-8FF3-22F0B2B9DE80}"
EndProject
Project("{FAE04EC0-301F-11D3-BF4B-00C04F79EFBC}") = "Buoi2_Bai4.5", "..\..\..\DTH235675_NTK\BuoiTH2\Bai4.5\Buoi2_Bai4.5.csproj", "{C8E34F08-7389-41B5-911A-CF410BDC7A92}"
EndProject
Project("{FAE04EC0-301F-11D3-BF4B-00C04F79EFBC}") = "Buoi2_Bai4.6", "..\..\..\DTH235675_NTK\BuoiTH2\Bai4.6\Buoi2_Bai4.6.csproj", "{FD7440C6-2D3B-4F47-BD7C-9CA609BFD518}"
EndProject
Project("{FAE04EC0-301F-11D3-BF4B-00C04F79EFBC}") = "Buoi2_Bai4.7", "..\..\..\DTH235675_NTK\BuoiTH2\Bai4.7\Buoi2_Bai4.7.csproj", "{8FABADD5-B7BF-48C6-8C8E-027DE2A24637}"
EndProject
Project("{FAE04EC0-301F-11D3-BF4B-00C04F79EFBC}") = "Buoi3_Bai9", "Buoi3_Bai9\Buoi3_Bai9.csproj", "{0C48A8B7-EE18-4C4A-9933-2F0735D23ABD}"
EndProject
Project("{FAE04EC0-301F-11D3-BF4B-00C04F79EFBC}") = "Buoi3_Bai1", "Buoi3_Bai1\Buoi3_Bai1.csproj", "{CDD58DFF-4CEF-498C-8907-E5CEC3A6C26F}"
EndProject
Project("{FAE04EC0-301F-11D3-BF4B-00C04F79EFBC}") = "Buoi3_Bai2", "Buoi3_Bai2\Buoi3_Bai2.csproj", "{D0C44F84-85CF-4FAC-8194-3B2F8661326E}"
EndProject
Project("{FAE04EC0-301F-11D3-BF4B-00C04F79EFBC}") = "Buoi3_Bai3a", "Buoi3_Bai3a\Buoi3_Bai3a.csproj", "{4AB78143-2842-4D39-90F8-B447D09703A9}"
EndProject
Project("{FAE04EC0-301F-11D3-BF4B-00C04F79EFBC}") = "Buoi3_Bai3b", "Buoi3_Bai3b\Buoi3_Bai3b.csproj", "{A87E5B62-67AE-4334-A220-CAE89C29051C}"
EndProject
Project("{FAE04EC0-301F-11D3-BF4B-00C04F79EFBC}") = "Buoi3_Bai3c", "Buoi3_Bai3c\Buoi3_Bai3c.csproj", "{E144D59E-A7C3-4589-A29E-C3F32998F675}"
EndProject
Project("{FAE04EC0-301F-11D3-BF4B-00C04F79EFBC}") = "Buoi3_Bai4", "Buoi3_Bai4\Buoi3_Bai4.csproj", "{66CA0CC0-E197-4645-A96C-5F786A0E595D}"
EndProject
Project("{FAE04EC0-301F-11D3-BF4B-00C04F79EFBC}") = "Buoi3_Bai5", "Buoi3_Bai5\Buoi3_Bai5.csproj", "{34795149-983E-4845-8133-380DD936D9A9}"
EndProject
Project("{FAE04EC0-301F-11D3-BF4B-00C04F79EFBC}") = "Buoi3_Bai6", "Buoi3_Bai6\Buoi3_Bai6.csproj", "{2F5C0D5A-0A5F-4546-9075-27A09E606502}"
EndProject
Project("{FAE04EC0-301F-11D3-BF4B-00C04F79EFBC}") = "Buoi3_Bai7", "Buoi3_Bai7\Buoi3_Bai7.csproj", "{7669CC76-0F4D-4A8F-B2C6-306520667AF5}"
EndProject
Project("{FAE04EC0-301F-11D3-BF4B-00C04F79EFBC}") = "Buoi3_Bai8", "Buoi3_Bai8\Buoi3_Bai8.csproj", "{0678779B-6C8D-41E7-B580-067D099BBF23}"
EndProject
Project("{FAE04EC0-301F-11D3-BF4B-00C04F79EFBC}") = "Buoi4_Bai1", "Buoi4_Bai1\Buoi4_Bai1.csproj", "{D91D16D8-42B4-4BE8-BBBB-E32903BE6732}"
EndProject
Project("{FAE04EC0-301F-11D3-BF4B-00C04F79EFBC}") = "Buoi4_Bai2", "Buoi4_Bai2\Buoi4_Bai2.csproj", "{CFB1094C-B32B-4522-B374-AEF93F35FFCE}"
EndProject
Project("{FAE04EC0-301F-11D3-BF4B-00C04F79EFBC}") = "Buoi4_Bai3", "Buoi4_Bai3\Buoi4_Bai3.csproj", "{721B51B3-F203-4EAD-8A79-34E01FF6B854}"
EndProject
Project("{FAE04EC0-301F-11D3-BF4B-00C04F79EFBC}") = "Buoi5_Bai5.1", "Buoi5_Bai5.1\Buoi5_Bai5.1.csproj", "{C42953C7-8588-4F8F-9EEE-912EF1890128}"
EndProject
Project("{FAE04EC0-301F-11D3-BF4B-00C04F79EFBC}") = "Buoi5_Bai5.2", "Buoi5_Bai5.2\Buoi5_Bai5.2.csproj", "{59C0FEA6-6FE6-4FA6-8902-BA186D5B36C7}"
EndProject
Project("{FAE04EC0-301F-11D3-BF4B-00C04F79EFBC}") = "Buoi5_Bai5.3", "Buoi5_Bai5.3\Buoi5_Bai5.3.csproj", "{6C7F856C-E5BC-4577-B01B-1FBC596EA59B}"
EndProject
Project("{FAE04EC0-301F-11D3-BF4B-00C04F79EFBC}") = "Buoi5_Bai5.4", "Buoi5_Bai5.4\Buoi5_Bai5.4.csproj", "{0DFD8211-9FC8-4C90-B76C-1663612EF0EE}"
EndProject
Project("{FAE04EC0-301F-11D3-BF4B-00C04F79EFBC}") = "Buoi5_Bai5.5", "Buoi5_Bai5.5\Buoi5_Bai5.5.csproj", "{3C38E912-4286-4B21-9B17-D4753706D4FB}"
EndProject
Project("{FAE04EC0-301F-11D3-BF4B-00C04F79EFBC}") = "Buoi5_Bai5.6", "Buoi5_Bai5.6\Buoi5_Bai5.6.csproj", "{6BD102BE-15D5-47F0-ADD9-0DF1C5F0CBBA}"
EndProject
Project("{FAE04EC0-301F-11D3-BF4B-00C04F79EFBC}") = "Buoi5_Bai5.7", "Buoi5_Bai5.7\Buoi5_Bai5.7.csproj", "{D9DF88AB-A3A6-4CC5-A869-2CB538614827}"
EndProject
Project("{FAE04EC0-301F-11D3-BF4B-00C04F79EFBC}") = "Buoi6_Bai6.1", "Buoi6_Bai6.1\Buoi6_Bai6.1.csproj", "{234D68B6-EAE1-41EB-B68C-BF85D7871AD8}"
EndProject
Project("{FAE04EC0-301F-11D3-BF4B-00C04F79EFBC}") = "Buoi6_Bai6.2", "Buoi6_Bai6.2\Buoi6_Bai6.2.csproj", "{1A5F9B34-B34E-4A5B-9C89-24548D4CE28B}"
EndProject
Project("{FAE04EC0-301F-11D3-BF4B-00C04F79EFBC}") = "Buoi6_Bai6.3", "Buoi6_Bai6.3\Buoi6_Bai6.3.csproj", "{A4C3DBBC-F521-4A2C-862C-B33092526995}"
EndProject
Project("{FAE04EC0-301F-11D3-BF4B-00C04F79EFBC}") = "Buoi6_Bai6.4", "Buoi6_Bai6.4\Buoi6_Bai6.4.csproj", "{376B19AE-1EF0-4696-92AC-F952932B52D6}"
EndProject
Project("{FAE04EC0-301F-11D3-BF4B-00C04F79EFBC}") = "Bài 7.1", "Bài 7.1\Bài 7.1.csproj", "{3D4CDAAB-EC1C-4F2F-9C82-D550D9D43172}"
EndProject
Global
	GlobalSection(SolutionConfigurationPlatforms) = preSolution
		Debug|Any CPU = Debug|Any CPU
		Release|Any CPU = Release|Any CPU
	EndGlobalSection
	GlobalSection(ProjectConfigurationPlatforms) = postSolution
		{0C27624D-08DC-415E-9E37-7361B0871123}.Debug|Any CPU.ActiveCfg = Debug|Any CPU
		{0C27624D-08DC-415E-9E37-7361B0871123}.Debug|Any CPU.Build.0 = Debug|Any CPU
		{0C27624D-08DC-415E-9E37-7361B0871123}.Release|Any CPU.ActiveCfg = Release|Any CPU
		{0C27624D-08DC-415E-9E37-7361B0871123}.Release|Any CPU.Build.0 = Release|Any CPU
		{BB0E41E5-49CC-4696-ABA4-EC6081ADE89D}.Debug|Any CPU.ActiveCfg = Debug|Any CPU
		{BB0E41E5-49CC-4696-ABA4-EC6081ADE89D}.Debug|Any CPU.Build.0 = Debug|Any CPU
		{BB0E41E5-49CC-4696-ABA4-EC6081ADE89D}.Release|Any CPU.ActiveCfg = Release|Any CPU
		{BB0E41E5-49CC-4696-ABA4-EC6081ADE89D}.Release|Any CPU.Build.0 = Release|Any CPU
		{4D390617-6FE4-4251-B778-BBD2E319B987}.Debug|Any CPU.ActiveCfg = Debug|Any CPU
		{4D390617-6FE4-4251-B778-BBD2E319B987}.Debug|Any CPU.Build.0 = Debug|Any CPU
		{4D390617-6FE4-4251-B778-BBD2E319B987}.Release|Any CPU.ActiveCfg = Release|Any CPU
		{4D390617-6FE4-4251-B778-BBD2E319B987}.Release|Any CPU.Build.0 = Release|Any CPU
		{0E1FB905-5A57-43F4-8F75-6D8DC3F9EB60}.Debug|Any CPU.ActiveCfg = Debug|Any CPU
		{0E1FB905-5A57-43F4-8F75-6D8DC3F9EB60}.Debug|Any CPU.Build.0 = Debug|Any CPU
		{0E1FB905-5A57-43F4-8F75-6D8DC3F9EB60}.Release|Any CPU.ActiveCfg = Release|Any CPU
		{0E1FB905-5A57-43F4-8F75-6D8DC3F9EB60}.Release|Any CPU.Build.0 = Release|Any CPU
		{8C7C3CC0-3E11-48AE-971B-8421F610C253}.Debug|Any CPU.ActiveCfg = Debug|Any CPU
		{8C7C3CC0-3E11-48AE-971B-8421F610C253}.Debug|Any CPU.Build.0 = Debug|Any CPU
		{8C7C3CC0-3E11-48AE-971B-8421F610C253}.Release|Any CPU.ActiveCfg = Release|Any CPU
		{8C7C3CC0-3E11-48AE-971B-8421F610C253}.Release|Any CPU.Build.0 = Release|Any CPU
		{160E567B-A5D4-4DB0-9B53-74DAE8A6B2C7}.Debug|Any CPU.ActiveCfg = Debug|Any CPU
		{160E567B-A5D4-4DB0-9B53-74DAE8A6B2C7}.Debug|Any CPU.Build.0 = Debug|Any CPU
		{160E567B-A5D4-4DB0-9B53-74DAE8A6B2C7}.Release|Any CPU.ActiveCfg = Release|Any CPU
		{160E567B-A5D4-4DB0-9B53-74DAE8A6B2C7}.Release|Any CPU.Build.0 = Release|Any CPU
		{462F4BDE-D96A-44FD-9559-C18853E3F313}.Debug|Any CPU.ActiveCfg = Debug|Any CPU
		{462F4BDE-D96A-44FD-9559-C18853E3F313}.Debug|Any CPU.Build.0 = Debug|Any CPU
		{462F4BDE-D96A-44FD-9559-C18853E3F313}.Release|Any CPU.ActiveCfg = Release|Any CPU
		{462F4BDE-D96A-44FD-9559-C18853E3F313}.Release|Any CPU.Build.0 = Release|Any CPU
		{D848C668-C810-43B2-997D-4E6E8971B779}.Debug|Any CPU.ActiveCfg = Debug|Any CPU
		{D848C668-C810-43B2-997D-4E6E8971B779}.Debug|Any CPU.Build.0 = Debug|Any CPU
		{D848C668-C810-43B2-997D-4E6E8971B779}.Release|Any CPU.ActiveCfg = Release|Any CPU
		{D848C668-C810-43B2-997D-4E6E8971B779}.Release|Any CPU.Build.0 = Release|Any CPU
		{41CF1356-0FD8-4295-B890-D874C0BF6402}.Debug|Any CPU.ActiveCfg = Debug|Any CPU
		{41CF1356-0FD8-4295-B890-D874C0BF6402}.Debug|Any CPU.Build.0 = Debug|Any CPU
		{41CF1356-0FD8-4295-B890-D874C0BF6402}.Release|Any CPU.ActiveCfg = Release|Any CPU
		{41CF1356-0FD8-4295-B890-D874C0BF6402}.Release|Any CPU.Build.0 = Release|Any CPU
		{09CD96F7-1D7F-42F7-AD50-33944350949D}.Debug|Any CPU.ActiveCfg = Debug|Any CPU
		{09CD96F7-1D7F-42F7-AD50-33944350949D}.Debug|Any CPU.Build.0 = Debug|Any CPU
		{09CD96F7-1D7F-42F7-AD50-33944350949D}.Release|Any CPU.ActiveCfg = Release|Any CPU
		{09CD96F7-1D7F-42F7-AD50-33944350949D}.Release|Any CPU.Build.0 = Release|Any CPU
		{5572B0EE-D0A5-4015-82C9-EF68EA7128DE}.Debug|Any CPU.ActiveCfg = Debug|Any CPU
		{5572B0EE-D0A5-4015-82C9-EF68EA7128DE}.Debug|Any CPU.Build.0 = Debug|Any CPU
		{5572B0EE-D0A5-4015-82C9-EF68EA7128DE}.Release|Any CPU.ActiveCfg = Release|Any CPU
		{5572B0EE-D0A5-4015-82C9-EF68EA7128DE}.Release|Any CPU.Build.0 = Release|Any CPU
		{D4FB30D8-87F1-4FDE-80A7-55576F69BC51}.Debug|Any CPU.ActiveCfg = Debug|Any CPU
		{D4FB30D8-87F1-4FDE-80A7-55576F69BC51}.Debug|Any CPU.Build.0 = Debug|Any CPU
		{D4FB30D8-87F1-4FDE-80A7-55576F69BC51}.Release|Any CPU.ActiveCfg = Release|Any CPU
		{D4FB30D8-87F1-4FDE-80A7-55576F69BC51}.Release|Any CPU.Build.0 = Release|Any CPU
		{0476F8C6-C1F2-4EB3-8D8F-B43C8919C33C}.Debug|Any CPU.ActiveCfg = Debug|Any CPU
		{0476F8C6-C1F2-4EB3-8D8F-B43C8919C33C}.Debug|Any CPU.Build.0 = Debug|Any CPU
		{0476F8C6-C1F2-4EB3-8D8F-B43C8919C33C}.Release|Any CPU.ActiveCfg = Release|Any CPU
		{0476F8C6-C1F2-4EB3-8D8F-B43C8919C33C}.Release|Any CPU.Build.0 = Release|Any CPU
		{18234983-FBBF-4BE2-8FAE-55A141DBBA11}.Debug|Any CPU.ActiveCfg = Debug|Any CPU
		{18234983-FBBF-4BE2-8FAE-55A141DBBA11}.Debug|Any CPU.Build.0 = Debug|Any CPU
		{18234983-FBBF-4BE2-8FAE-55A141DBBA11}.Release|Any CPU.ActiveCfg = Release|Any CPU
		{18234983-FBBF-4BE2-8FAE-55A141DBBA11}.Release|Any CPU.Build.0 = Release|Any CPU
		{BF55DC4C-CC30-41B0-B58C-07F0FAF48335}.Debug|Any CPU.ActiveCfg = Debug|Any CPU
		{BF55DC4C-CC30-41B0-B58C-07F0FAF48335}.Debug|Any CPU.Build.0 = Debug|Any CPU
		{BF55DC4C-CC30-41B0-B58C-07F0FAF48335}.Release|Any CPU.ActiveCfg = Release|Any CPU
		{BF55DC4C-CC30-41B0-B58C-07F0FAF48335}.Release|Any CPU.Build.0 = Release|Any CPU
		{29364DD7-ACF5-4777-A425-1740EA346FA1}.Debug|Any CPU.ActiveCfg = Debug|Any CPU
		{29364DD7-ACF5-4777-A425-1740EA346FA1}.Debug|Any CPU.Build.0 = Debug|Any CPU
		{29364DD7-ACF5-4777-A425-1740EA346FA1}.Release|Any CPU.ActiveCfg = Release|Any CPU
		{29364DD7-ACF5-4777-A425-1740EA346FA1}.Release|Any CPU.Build.0 = Release|Any CPU
		{9FE2EC4E-3BE6-42BB-9EE7-514C14A385DD}.Debug|Any CPU.ActiveCfg = Debug|Any CPU
		{9FE2EC4E-3BE6-42BB-9EE7-514C14A385DD}.Debug|Any CPU.Build.0 = Debug|Any CPU
		{9FE2EC4E-3BE6-42BB-9EE7-514C14A385DD}.Release|Any CPU.ActiveCfg = Release|Any CPU
		{9FE2EC4E-3BE6-42BB-9EE7-514C14A385DD}.Release|Any CPU.Build.0 = Release|Any CPU
		{E4814ECB-8F4E-44A6-8FF3-22F0B2B9DE80}.Debug|Any CPU.ActiveCfg = Debug|Any CPU
		{E4814ECB-8F4E-44A6-8FF3-22F0B2B9DE80}.Debug|Any CPU.Build.0 = Debug|Any CPU
		{E4814ECB-8F4E-44A6-8FF3-22F0B2B9DE80}.Release|Any CPU.ActiveCfg = Release|Any CPU
		{E4814ECB-8F4E-44A6-8FF3-22F0B2B9DE80}.Release|Any CPU.Build.0 = Release|Any CPU
		{C8E34F08-7389-41B5-911A-CF410BDC7A92}.Debug|Any CPU.ActiveCfg = Debug|Any CPU
		{C8E34F08-7389-41B5-911A-CF410BDC7A92}.Debug|Any CPU.Build.0 = Debug|Any CPU
		{C8E34F08-7389-41B5-911A-CF410BDC7A92}.Release|Any CPU.ActiveCfg = Release|Any CPU
		{C8E34F08-7389-41B5-911A-CF410BDC7A92}.Release|Any CPU.Build.0 = Release|Any CPU
		{FD7440C6-2D3B-4F47-BD7C-9CA609BFD518}.Debug|Any CPU.ActiveCfg = Debug|Any CPU
		{FD7440C6-2D3B-4F47-BD7C-9CA609BFD518}.Debug|Any CPU.Build.0 = Debug|Any CPU
		{FD7440C6-2D3B-4F47-BD7C-9CA609BFD518}.Release|Any CPU.ActiveCfg = Release|Any CPU
		{FD7440C6-2D3B-4F47-BD7C-9CA609BFD518}.Release|Any CPU.Build.0 = Release|Any CPU
		{8FABADD5-B7BF-48C6-8C8E-027DE2A24637}.Debug|Any CPU.ActiveCfg = Debug|Any CPU
		{8FABADD5-B7BF-48C6-8C8E-027DE2A24637}.Debug|Any CPU.Build.0 = Debug|Any CPU
		{8FABADD5-B7BF-48C6-8C8E-027DE2A24637}.Release|Any CPU.ActiveCfg = Release|Any CPU
		{8FABADD5-B7BF-48C6-8C8E-027DE2A24637}.Release|Any CPU.Build.0 = Release|Any CPU
		{0C48A8B7-EE18-4C4A-9933-2F0735D23ABD}.Debug|Any CPU.ActiveCfg = Debug|Any CPU
		{0C48A8B7-EE18-4C4A-9933-2F0735D23ABD}.Debug|Any CPU.Build.0 = Debug|Any CPU
		{0C48A8B7-EE18-4C4A-9933-2F0735D23ABD}.Release|Any CPU.ActiveCfg = Release|Any CPU
		{0C48A8B7-EE18-4C4A-9933-2F0735D23ABD}.Release|Any CPU.Build.0 = Release|Any CPU
		{CDD58DFF-4CEF-498C-8907-E5CEC3A6C26F}.Debug|Any CPU.ActiveCfg = Debug|Any CPU
		{CDD58DFF-4CEF-498C-8907-E5CEC3A6C26F}.Debug|Any CPU.Build.0 = Debug|Any CPU
		{CDD58DFF-4CEF-498C-8907-E5CEC3A6C26F}.Release|Any CPU.ActiveCfg = Release|Any CPU
		{CDD58DFF-4CEF-498C-8907-E5CEC3A6C26F}.Release|Any CPU.Build.0 = Release|Any CPU
		{D0C44F84-85CF-4FAC-8194-3B2F8661326E}.Debug|Any CPU.ActiveCfg = Debug|Any CPU
		{D0C44F84-85CF-4FAC-8194-3B2F8661326E}.Debug|Any CPU.Build.0 = Debug|Any CPU
		{D0C44F84-85CF-4FAC-8194-3B2F8661326E}.Release|Any CPU.ActiveCfg = Release|Any CPU
		{D0C44F84-85CF-4FAC-8194-3B2F8661326E}.Release|Any CPU.Build.0 = Release|Any CPU
		{4AB78143-2842-4D39-90F8-B447D09703A9}.Debug|Any CPU.ActiveCfg = Debug|Any CPU
		{4AB78143-2842-4D39-90F8-B447D09703A9}.Debug|Any CPU.Build.0 = Debug|Any CPU
		{4AB78143-2842-4D39-90F8-B447D09703A9}.Release|Any CPU.ActiveCfg = Release|Any CPU
		{4AB78143-2842-4D39-90F8-B447D09703A9}.Release|Any CPU.Build.0 = Release|Any CPU
		{A87E5B62-67AE-4334-A220-CAE89C29051C}.Debug|Any CPU.ActiveCfg = Debug|Any CPU
		{A87E5B62-67AE-4334-A220-CAE89C29051C}.Debug|Any CPU.Build.0 = Debug|Any CPU
		{A87E5B62-67AE-4334-A220-CAE89C29051C}.Release|Any CPU.ActiveCfg = Release|Any CPU
		{A87E5B62-67AE-4334-A220-CAE89C29051C}.Release|Any CPU.Build.0 = Release|Any CPU
		{E144D59E-A7C3-4589-A29E-C3F32998F675}.Debug|Any CPU.ActiveCfg = Debug|Any CPU
		{E144D59E-A7C3-4589-A29E-C3F32998F675}.Debug|Any CPU.Build.0 = Debug|Any CPU
		{E144D59E-A7C3-4589-A29E-C3F32998F675}.Release|Any CPU.ActiveCfg = Release|Any CPU
		{E144D59E-A7C3-4589-A29E-C3F32998F675}.Release|Any CPU.Build.0 = Release|Any CPU
		{66CA0CC0-E197-4645-A96C-5F786A0E595D}.Debug|Any CPU.ActiveCfg = Debug|Any CPU
		{66CA0CC0-E197-4645-A96C-5F786A0E595D}.Debug|Any CPU.Build.0 = Debug|Any CPU
		{66CA0CC0-E197-4645-A96C-5F786A0E595D}.Release|Any CPU.ActiveCfg = Release|Any CPU
		{66CA0CC0-E197-4645-A96C-5F786A0E595D}.Release|Any CPU.Build.0 = Release|Any CPU
		{34795149-983E-4845-8133-380DD936D9A9}.Debug|Any CPU.ActiveCfg = Debug|Any CPU
		{34795149-983E-4845-8133-380DD936D9A9}.Debug|Any CPU.Build.0 = Debug|Any CPU
		{34795149-983E-4845-8133-380DD936D9A9}.Release|Any CPU.ActiveCfg = Release|Any CPU
		{34795149-983E-4845-8133-380DD936D9A9}.Release|Any CPU.Build.0 = Release|Any CPU
		{2F5C0D5A-0A5F-4546-9075-27A09E606502}.Debug|Any CPU.ActiveCfg = Debug|Any CPU
		{2F5C0D5A-0A5F-4546-9075-27A09E606502}.Debug|Any CPU.Build.0 = Debug|Any CPU
		{2F5C0D5A-0A5F-4546-9075-27A09E606502}.Release|Any CPU.ActiveCfg = Release|Any CPU
		{2F5C0D5A-0A5F-4546-9075-27A09E606502}.Release|Any CPU.Build.0 = Release|Any CPU
		{7669CC76-0F4D-4A8F-B2C6-306520667AF5}.Debug|Any CPU.ActiveCfg = Debug|Any CPU
		{7669CC76-0F4D-4A8F-B2C6-306520667AF5}.Debug|Any CPU.Build.0 = Debug|Any CPU
		{7669CC76-0F4D-4A8F-B2C6-306520667AF5}.Release|Any CPU.ActiveCfg = Release|Any CPU
		{7669CC76-0F4D-4A8F-B2C6-306520667AF5}.Release|Any CPU.Build.0 = Release|Any CPU
		{0678779B-6C8D-41E7-B580-067D099BBF23}.Debug|Any CPU.ActiveCfg = Debug|Any CPU
		{0678779B-6C8D-41E7-B580-067D099BBF23}.Debug|Any CPU.Build.0 = Debug|Any CPU
		{0678779B-6C8D-41E7-B580-067D099BBF23}.Release|Any CPU.ActiveCfg = Release|Any CPU
		{0678779B-6C8D-41E7-B580-067D099BBF23}.Release|Any CPU.Build.0 = Release|Any CPU
		{D91D16D8-42B4-4BE8-BBBB-E32903BE6732}.Debug|Any CPU.ActiveCfg = Debug|Any CPU
		{D91D16D8-42B4-4BE8-BBBB-E32903BE6732}.Debug|Any CPU.Build.0 = Debug|Any CPU
		{D91D16D8-42B4-4BE8-BBBB-E32903BE6732}.Release|Any CPU.ActiveCfg = Release|Any CPU
		{D91D16D8-42B4-4BE8-BBBB-E32903BE6732}.Release|Any CPU.Build.0 = Release|Any CPU
		{CFB1094C-B32B-4522-B374-AEF93F35FFCE}.Debug|Any CPU.ActiveCfg = Debug|Any CPU
		{CFB1094C-B32B-4522-B374-AEF93F35FFCE}.Debug|Any CPU.Build.0 = Debug|Any CPU
		{CFB1094C-B32B-4522-B374-AEF93F35FFCE}.Release|Any CPU.ActiveCfg = Release|Any CPU
		{CFB1094C-B32B-4522-B374-AEF93F35FFCE}.Release|Any CPU.Build.0 = Release|Any CPU
		{721B51B3-F203-4EAD-8A79-34E01FF6B854}.Debug|Any CPU.ActiveCfg = Debug|Any CPU
		{721B51B3-F203-4EAD-8A79-34E01FF6B854}.Debug|Any CPU.Build.0 = Debug|Any CPU
		{721B51B3-F203-4EAD-8A79-34E01FF6B854}.Release|Any CPU.ActiveCfg = Release|Any CPU
		{721B51B3-F203-4EAD-8A79-34E01FF6B854}.Release|Any CPU.Build.0 = Release|Any CPU
		{C42953C7-8588-4F8F-9EEE-912EF1890128}.Debug|Any CPU.ActiveCfg = Debug|Any CPU
		{C42953C7-8588-4F8F-9EEE-912EF1890128}.Debug|Any CPU.Build.0 = Debug|Any CPU
		{C42953C7-8588-4F8F-9EEE-912EF1890128}.Release|Any CPU.ActiveCfg = Release|Any CPU
		{C42953C7-8588-4F8F-9EEE-912EF1890128}.Release|Any CPU.Build.0 = Release|Any CPU
		{59C0FEA6-6FE6-4FA6-8902-BA186D5B36C7}.Debug|Any CPU.ActiveCfg = Debug|Any CPU
		{59C0FEA6-6FE6-4FA6-8902-BA186D5B36C7}.Debug|Any CPU.Build.0 = Debug|Any CPU
		{59C0FEA6-6FE6-4FA6-8902-BA186D5B36C7}.Release|Any CPU.ActiveCfg = Release|Any CPU
		{59C0FEA6-6FE6-4FA6-8902-BA186D5B36C7}.Release|Any CPU.Build.0 = Release|Any CPU
		{6C7F856C-E5BC-4577-B01B-1FBC596EA59B}.Debug|Any CPU.ActiveCfg = Debug|Any CPU
		{6C7F856C-E5BC-4577-B01B-1FBC596EA59B}.Debug|Any CPU.Build.0 = Debug|Any CPU
		{6C7F856C-E5BC-4577-B01B-1FBC596EA59B}.Release|Any CPU.ActiveCfg = Release|Any CPU
		{6C7F856C-E5BC-4577-B01B-1FBC596EA59B}.Release|Any CPU.Build.0 = Release|Any CPU
		{0DFD8211-9FC8-4C90-B76C-1663612EF0EE}.Debug|Any CPU.ActiveCfg = Debug|Any CPU
		{0DFD8211-9FC8-4C90-B76C-1663612EF0EE}.Debug|Any CPU.Build.0 = Debug|Any CPU
		{0DFD8211-9FC8-4C90-B76C-1663612EF0EE}.Release|Any CPU.ActiveCfg = Release|Any CPU
		{0DFD8211-9FC8-4C90-B76C-1663612EF0EE}.Release|Any CPU.Build.0 = Release|Any CPU
		{3C38E912-4286-4B21-9B17-D4753706D4FB}.Debug|Any CPU.ActiveCfg = Debug|Any CPU
		{3C38E912-4286-4B21-9B17-D4753706D4FB}.Debug|Any CPU.Build.0 = Debug|Any CPU
		{3C38E912-4286-4B21-9B17-D4753706D4FB}.Release|Any CPU.ActiveCfg = Release|Any CPU
		{3C38E912-4286-4B21-9B17-D4753706D4FB}.Release|Any CPU.Build.0 = Release|Any CPU
		{6BD102BE-15D5-47F0-ADD9-0DF1C5F0CBBA}.Debug|Any CPU.ActiveCfg = Debug|Any CPU
		{6BD102BE-15D5-47F0-ADD9-0DF1C5F0CBBA}.Debug|Any CPU.Build.0 = Debug|Any CPU
		{6BD102BE-15D5-47F0-ADD9-0DF1C5F0CBBA}.Release|Any CPU.ActiveCfg = Release|Any CPU
		{6BD102BE-15D5-47F0-ADD9-0DF1C5F0CBBA}.Release|Any CPU.Build.0 = Release|Any CPU
		{D9DF88AB-A3A6-4CC5-A869-2CB538614827}.Debug|Any CPU.ActiveCfg = Debug|Any CPU
		{D9DF88AB-A3A6-4CC5-A869-2CB538614827}.Debug|Any CPU.Build.0 = Debug|Any CPU
		{D9DF88AB-A3A6-4CC5-A869-2CB538614827}.Release|Any CPU.ActiveCfg = Release|Any CPU
		{D9DF88AB-A3A6-4CC5-A869-2CB538614827}.Release|Any CPU.Build.0 = Release|Any CPU
		{234D68B6-EAE1-41EB-B68C-BF85D7871AD8}.Debug|Any CPU.ActiveCfg = Debug|Any CPU
		{234D68B6-EAE1-41EB-B68C-BF85D7871AD8}.Debug|Any CPU.Build.0 = Debug|Any CPU
		{234D68B6-EAE1-41EB-B68C-BF85D7871AD8}.Release|Any CPU.ActiveCfg = Release|Any CPU
		{234D68B6-EAE1-41EB-B68C-BF85D7871AD8}.Release|Any CPU.Build.0 = Release|Any CPU
		{1A5F9B34-B34E-4A5B-9C89-24548D4CE28B}.Debug|Any CPU.ActiveCfg = Debug|Any CPU
		{1A5F9B34-B34E-4A5B-9C89-24548D4CE28B}.Debug|Any CPU.Build.0 = Debug|Any CPU
		{1A5F9B34-B34E-4A5B-9C89-24548D4CE28B}.Release|Any CPU.ActiveCfg = Release|Any CPU
		{1A5F9B34-B34E-4A5B-9C89-24548D4CE28B}.Release|Any CPU.Build.0 = Release|Any CPU
		{A4C3DBBC-F521-4A2C-862C-B33092526995}.Debug|Any CPU.ActiveCfg = Debug|Any CPU
		{A4C3DBBC-F521-4A2C-862C-B33092526995}.Debug|Any CPU.Build.0 = Debug|Any CPU
		{A4C3DBBC-F521-4A2C-862C-B33092526995}.Release|Any CPU.ActiveCfg = Release|Any CPU
		{A4C3DBBC-F521-4A2C-862C-B33092526995}.Release|Any CPU.Build.0 = Release|Any CPU
		{376B19AE-1EF0-4696-92AC-F952932B52D6}.Debug|Any CPU.ActiveCfg = Debug|Any CPU
		{376B19AE-1EF0-4696-92AC-F952932B52D6}.Debug|Any CPU.Build.0 = Debug|Any CPU
		{376B19AE-1EF0-4696-92AC-F952932B52D6}.Release|Any CPU.ActiveCfg = Release|Any CPU
		{376B19AE-1EF0-4696-92AC-F952932B52D6}.Release|Any CPU.Build.0 = Release|Any CPU
		{3D4CDAAB-EC1C-4F2F-9C82-D550D9D43172}.Debug|Any CPU.ActiveCfg = Debug|Any CPU
		{3D4CDAAB-EC1C-4F2F-9C82-D550D9D43172}.Debug|Any CPU.Build.0 = Debug|Any CPU
		{3D4CDAAB-EC1C-4F2F-9C82-D550D9D43172}.Release|Any CPU.ActiveCfg = Release|Any CPU
		{3D4CDAAB-EC1C-4F2F-9C82-D550D9D43172}.Release|Any CPU.Build.0 = Release|Any CPU
	EndGlobalSection
	GlobalSection(SolutionProperties) = preSolution
		HideSolutionNode = FALSE
	EndGlobalSection
	GlobalSection(ExtensibilityGlobals) = postSolution
		SolutionGuid = {A09353D4-8C16-416B-A209-E4B3A85BAB04}
	EndGlobalSection
EndGlobal
